// !$*UTF8*$!
{
	archiveVersion = 1;
	classes = {
	};
	objectVersion = 55;
	objects = {

/* Begin PBXBuildFile section */
		2C03F70F28DB4B0600948D9C /* AppDelegate.swift in Sources */ = {isa = PBXBuildFile; fileRef = 2C03F70E28DB4B0600948D9C /* AppDelegate.swift */; };
		2C03F71128DB4B0600948D9C /* SceneDelegate.swift in Sources */ = {isa = PBXBuildFile; fileRef = 2C03F71028DB4B0600948D9C /* SceneDelegate.swift */; };
		2C03F71328DB4B0600948D9C /* ViewController.swift in Sources */ = {isa = PBXBuildFile; fileRef = 2C03F71228DB4B0600948D9C /* ViewController.swift */; };
		2C03F71628DB4B0600948D9C /* Main.storyboard in Resources */ = {isa = PBXBuildFile; fileRef = 2C03F71428DB4B0600948D9C /* Main.storyboard */; };
		2C03F71828DB4B0A00948D9C /* Assets.xcassets in Resources */ = {isa = PBXBuildFile; fileRef = 2C03F71728DB4B0A00948D9C /* Assets.xcassets */; };
		2C03F71B28DB4B0A00948D9C /* LaunchScreen.storyboard in Resources */ = {isa = PBXBuildFile; fileRef = 2C03F71928DB4B0A00948D9C /* LaunchScreen.storyboard */; };
		2C03F72828DB547B00948D9C /* FeedModule.swift in Sources */ = {isa = PBXBuildFile; fileRef = 2C03F72728DB547B00948D9C /* FeedModule.swift */; };
		2C03F72A28DB549B00948D9C /* PostModule.swift in Sources */ = {isa = PBXBuildFile; fileRef = 2C03F72928DB549B00948D9C /* PostModule.swift */; };
		2C03F72C28DB54AC00948D9C /* InfoModule.swift in Sources */ = {isa = PBXBuildFile; fileRef = 2C03F72B28DB54AC00948D9C /* InfoModule.swift */; };
		2C318A0D28E25D6200FD4FBB /* ProfileHeaderView.swift in Sources */ = {isa = PBXBuildFile; fileRef = 2C318A0C28E25D6200FD4FBB /* ProfileHeaderView.swift */; };
		2C318A0F28E25F9400FD4FBB /* ProfileViewController.swift in Sources */ = {isa = PBXBuildFile; fileRef = 2C318A0E28E25F9300FD4FBB /* ProfileViewController.swift */; };
/* End PBXBuildFile section */

/* Begin PBXFileReference section */
		2C03F70B28DB4B0600948D9C /* Navigation.app */ = {isa = PBXFileReference; explicitFileType = wrapper.application; includeInIndex = 0; path = Navigation.app; sourceTree = BUILT_PRODUCTS_DIR; };
		2C03F70E28DB4B0600948D9C /* AppDelegate.swift */ = {isa = PBXFileReference; lastKnownFileType = sourcecode.swift; path = AppDelegate.swift; sourceTree = "<group>"; };
		2C03F71028DB4B0600948D9C /* SceneDelegate.swift */ = {isa = PBXFileReference; lastKnownFileType = sourcecode.swift; path = SceneDelegate.swift; sourceTree = "<group>"; };
		2C03F71228DB4B0600948D9C /* ViewController.swift */ = {isa = PBXFileReference; lastKnownFileType = sourcecode.swift; path = ViewController.swift; sourceTree = "<group>"; };
		2C03F71528DB4B0600948D9C /* Base */ = {isa = PBXFileReference; lastKnownFileType = file.storyboard; name = Base; path = Base.lproj/Main.storyboard; sourceTree = "<group>"; };
		2C03F71728DB4B0A00948D9C /* Assets.xcassets */ = {isa = PBXFileReference; lastKnownFileType = folder.assetcatalog; path = Assets.xcassets; sourceTree = "<group>"; };
		2C03F71A28DB4B0A00948D9C /* Base */ = {isa = PBXFileReference; lastKnownFileType = file.storyboard; name = Base; path = Base.lproj/LaunchScreen.storyboard; sourceTree = "<group>"; };
		2C03F71C28DB4B0A00948D9C /* Info.plist */ = {isa = PBXFileReference; lastKnownFileType = text.plist.xml; path = Info.plist; sourceTree = "<group>"; };
		2C03F72728DB547B00948D9C /* FeedModule.swift */ = {isa = PBXFileReference; lastKnownFileType = sourcecode.swift; path = FeedModule.swift; sourceTree = "<group>"; };
		2C03F72928DB549B00948D9C /* PostModule.swift */ = {isa = PBXFileReference; lastKnownFileType = sourcecode.swift; path = PostModule.swift; sourceTree = "<group>"; };
		2C03F72B28DB54AC00948D9C /* InfoModule.swift */ = {isa = PBXFileReference; lastKnownFileType = sourcecode.swift; path = InfoModule.swift; sourceTree = "<group>"; };
		2C318A0C28E25D6200FD4FBB /* ProfileHeaderView.swift */ = {isa = PBXFileReference; lastKnownFileType = sourcecode.swift; path = ProfileHeaderView.swift; sourceTree = "<group>"; };
		2C318A0E28E25F9300FD4FBB /* ProfileViewController.swift */ = {isa = PBXFileReference; lastKnownFileType = sourcecode.swift; path = ProfileViewController.swift; sourceTree = "<group>"; };
/* End PBXFileReference section */

/* Begin PBXFrameworksBuildPhase section */
		2C03F70828DB4B0600948D9C /* Frameworks */ = {
			isa = PBXFrameworksBuildPhase;
			buildActionMask = 2147483647;
			files = (
			);
			runOnlyForDeploymentPostprocessing = 0;
		};
/* End PBXFrameworksBuildPhase section */

/* Begin PBXGroup section */
		2C03F70228DB4B0600948D9C = {
			isa = PBXGroup;
			children = (
				2C03F70D28DB4B0600948D9C /* Navigation */,
				2C03F70C28DB4B0600948D9C /* Products */,
			);
			sourceTree = "<group>";
		};
		2C03F70C28DB4B0600948D9C /* Products */ = {
			isa = PBXGroup;
			children = (
				2C03F70B28DB4B0600948D9C /* Navigation.app */,
			);
			name = Products;
			sourceTree = "<group>";
		};
		2C03F70D28DB4B0600948D9C /* Navigation */ = {
			isa = PBXGroup;
			children = (
				2C318A0B28E25D2300FD4FBB /* Profile */,
				2C03F72628DB540700948D9C /* Controllers */,
				2C03F72528DB53FE00948D9C /* Modules */,
				2C03F72428DB53BC00948D9C /* Delegates */,
				2C03F71428DB4B0600948D9C /* Main.storyboard */,
				2C03F71728DB4B0A00948D9C /* Assets.xcassets */,
				2C03F71928DB4B0A00948D9C /* LaunchScreen.storyboard */,
				2C03F71C28DB4B0A00948D9C /* Info.plist */,
			);
			path = Navigation;
			sourceTree = "<group>";
		};
		2C03F72428DB53BC00948D9C /* Delegates */ = {
			isa = PBXGroup;
			children = (
				2C03F70E28DB4B0600948D9C /* AppDelegate.swift */,
				2C03F71028DB4B0600948D9C /* SceneDelegate.swift */,
			);
			path = Delegates;
			sourceTree = "<group>";
		};
		2C03F72528DB53FE00948D9C /* Modules */ = {
			isa = PBXGroup;
			children = (
				2C03F72728DB547B00948D9C /* FeedModule.swift */,
				2C03F72928DB549B00948D9C /* PostModule.swift */,
				2C03F72B28DB54AC00948D9C /* InfoModule.swift */,
			);
			path = Modules;
			sourceTree = "<group>";
		};
		2C03F72628DB540700948D9C /* Controllers */ = {
			isa = PBXGroup;
			children = (
				2C03F71228DB4B0600948D9C /* ViewController.swift */,
			);
			path = Controllers;
			sourceTree = "<group>";
		};
		2C318A0B28E25D2300FD4FBB /* Profile */ = {
			isa = PBXGroup;
			children = (
				2C318A0C28E25D6200FD4FBB /* ProfileHeaderView.swift */,
				2C318A0E28E25F9300FD4FBB /* ProfileViewController.swift */,
			);
			path = Profile;
			sourceTree = "<group>";
		};
/* End PBXGroup section */

/* Begin PBXNativeTarget section */
		2C03F70A28DB4B0600948D9C /* Navigation */ = {
			isa = PBXNativeTarget;
			buildConfigurationList = 2C03F71F28DB4B0A00948D9C /* Build configuration list for PBXNativeTarget "Navigation" */;
			buildPhases = (
				2C03F70728DB4B0600948D9C /* Sources */,
				2C03F70828DB4B0600948D9C /* Frameworks */,
				2C03F70928DB4B0600948D9C /* Resources */,
			);
			buildRules = (
			);
			dependencies = (
			);
			name = Navigation;
			productName = Navigation;
			productReference = 2C03F70B28DB4B0600948D9C /* Navigation.app */;
			productType = "com.apple.product-type.application";
		};
/* End PBXNativeTarget section */

/* Begin PBXProject section */
		2C03F70328DB4B0600948D9C /* Project object */ = {
			isa = PBXProject;
			attributes = {
				BuildIndependentTargetsInParallel = 1;
				LastSwiftUpdateCheck = 1340;
				LastUpgradeCheck = 1340;
				TargetAttributes = {
					2C03F70A28DB4B0600948D9C = {
						CreatedOnToolsVersion = 13.4.1;
					};
				};
			};
			buildConfigurationList = 2C03F70628DB4B0600948D9C /* Build configuration list for PBXProject "Navigation" */;
			compatibilityVersion = "Xcode 13.0";
			developmentRegion = en;
			hasScannedForEncodings = 0;
			knownRegions = (
				en,
				Base,
			);
			mainGroup = 2C03F70228DB4B0600948D9C;
			productRefGroup = 2C03F70C28DB4B0600948D9C /* Products */;
			projectDirPath = "";
			projectRoot = "";
			targets = (
				2C03F70A28DB4B0600948D9C /* Navigation */,
			);
		};
/* End PBXProject section */

/* Begin PBXResourcesBuildPhase section */
		2C03F70928DB4B0600948D9C /* Resources */ = {
			isa = PBXResourcesBuildPhase;
			buildActionMask = 2147483647;
			files = (
				2C03F71B28DB4B0A00948D9C /* LaunchScreen.storyboard in Resources */,
				2C03F71828DB4B0A00948D9C /* Assets.xcassets in Resources */,
				2C03F71628DB4B0600948D9C /* Main.storyboard in Resources */,
			);
			runOnlyForDeploymentPostprocessing = 0;
		};
/* End PBXResourcesBuildPhase section */

/* Begin PBXSourcesBuildPhase section */
		2C03F70728DB4B0600948D9C /* Sources */ = {
			isa = PBXSourcesBuildPhase;
			buildActionMask = 2147483647;
			files = (
				2C03F71328DB4B0600948D9C /* ViewController.swift in Sources */,
				2C03F72C28DB54AC00948D9C /* InfoModule.swift in Sources */,
				2C03F72828DB547B00948D9C /* FeedModule.swift in Sources */,
				2C03F72A28DB549B00948D9C /* PostModule.swift in Sources */,
				2C318A0D28E25D6200FD4FBB /* ProfileHeaderView.swift in Sources */,
				2C03F70F28DB4B0600948D9C /* AppDelegate.swift in Sources */,
				2C318A0F28E25F9400FD4FBB /* ProfileViewController.swift in Sources */,
				2C03F71128DB4B0600948D9C /* SceneDelegate.swift in Sources */,
			);
			runOnlyForDeploymentPostprocessing = 0;
		};
/* End PBXSourcesBuildPhase section */

/* Begin PBXVariantGroup section */
		2C03F71428DB4B0600948D9C /* Main.storyboard */ = {
			isa = PBXVariantGroup;
			children = (
				2C03F71528DB4B0600948D9C /* Base */,
			);
			name = Main.storyboard;
			sourceTree = "<group>";
		};
		2C03F71928DB4B0A00948D9C /* LaunchScreen.storyboard */ = {
			isa = PBXVariantGroup;
			children = (
				2C03F71A28DB4B0A00948D9C /* Base */,
			);
			name = LaunchScreen.storyboard;
			sourceTree = "<group>";
		};
/* End PBXVariantGroup section */

/* Begin XCBuildConfiguration section */
		2C03F71D28DB4B0A00948D9C /* Debug */ = {
			isa = XCBuildConfiguration;
			buildSettings = {
				ALWAYS_SEARCH_USER_PATHS = NO;
				CLANG_ANALYZER_NONNULL = YES;
				CLANG_ANALYZER_NUMBER_OBJECT_CONVERSION = YES_AGGRESSIVE;
				CLANG_CXX_LANGUAGE_STANDARD = "gnu++17";
				CLANG_ENABLE_MODULES = YES;
				CLANG_ENABLE_OBJC_ARC = YES;
				CLANG_ENABLE_OBJC_WEAK = YES;
				CLANG_WARN_BLOCK_CAPTURE_AUTORELEASING = YES;
				CLANG_WARN_BOOL_CONVERSION = YES;
				CLANG_WARN_COMMA = YES;
				CLANG_WARN_CONSTANT_CONVERSION = YES;
				CLANG_WARN_DEPRECATED_OBJC_IMPLEMENTATIONS = YES;
				CLANG_WARN_DIRECT_OBJC_ISA_USAGE = YES_ERROR;
				CLANG_WARN_DOCUMENTATION_COMMENTS = YES;
				CLANG_WARN_EMPTY_BODY = YES;
				CLANG_WARN_ENUM_CONVERSION = YES;
				CLANG_WARN_INFINITE_RECURSION = YES;
				CLANG_WARN_INT_CONVERSION = YES;
				CLANG_WARN_NON_LITERAL_NULL_CONVERSION = YES;
				CLANG_WARN_OBJC_IMPLICIT_RETAIN_SELF = YES;
				CLANG_WARN_OBJC_LITERAL_CONVERSION = YES;
				CLANG_WARN_OBJC_ROOT_CLASS = YES_ERROR;
				CLANG_WARN_QUOTED_INCLUDE_IN_FRAMEWORK_HEADER = YES;
				CLANG_WARN_RANGE_LOOP_ANALYSIS = YES;
				CLANG_WARN_STRICT_PROTOTYPES = YES;
				CLANG_WARN_SUSPICIOUS_MOVE = YES;
				CLANG_WARN_UNGUARDED_AVAILABILITY = YES_AGGRESSIVE;
				CLANG_WARN_UNREACHABLE_CODE = YES;
				CLANG_WARN__DUPLICATE_METHOD_MATCH = YES;
				COPY_PHASE_STRIP = NO;
				DEBUG_INFORMATION_FORMAT = dwarf;
				ENABLE_STRICT_OBJC_MSGSEND = YES;
				ENABLE_TESTABILITY = YES;
				GCC_C_LANGUAGE_STANDARD = gnu11;
				GCC_DYNAMIC_NO_PIC = NO;
				GCC_NO_COMMON_BLOCKS = YES;
				GCC_OPTIMIZATION_LEVEL = 0;
				GCC_PREPROCESSOR_DEFINITIONS = (
					"DEBUG=1",
					"$(inherited)",
				);
				GCC_WARN_64_TO_32_BIT_CONVERSION = YES;
				GCC_WARN_ABOUT_RETURN_TYPE = YES_ERROR;
				GCC_WARN_UNDECLARED_SELECTOR = YES;
				GCC_WARN_UNINITIALIZED_AUTOS = YES_AGGRESSIVE;
				GCC_WARN_UNUSED_FUNCTION = YES;
				GCC_WARN_UNUSED_VARIABLE = YES;
				IPHONEOS_DEPLOYMENT_TARGET = 15.5;
				MTL_ENABLE_DEBUG_INFO = INCLUDE_SOURCE;
				MTL_FAST_MATH = YES;
				ONLY_ACTIVE_ARCH = YES;
				SDKROOT = iphoneos;
				SWIFT_ACTIVE_COMPILATION_CONDITIONS = DEBUG;
				SWIFT_OPTIMIZATION_LEVEL = "-Onone";
			};
			name = Debug;
		};
		2C03F71E28DB4B0A00948D9C /* Release */ = {
			isa = XCBuildConfiguration;
			buildSettings = {
				ALWAYS_SEARCH_USER_PATHS = NO;
				CLANG_ANALYZER_NONNULL = YES;
				CLANG_ANALYZER_NUMBER_OBJECT_CONVERSION = YES_AGGRESSIVE;
				CLANG_CXX_LANGUAGE_STANDARD = "gnu++17";
				CLANG_ENABLE_MODULES = YES;
				CLANG_ENABLE_OBJC_ARC = YES;
				CLANG_ENABLE_OBJC_WEAK = YES;
				CLANG_WARN_BLOCK_CAPTURE_AUTORELEASING = YES;
				CLANG_WARN_BOOL_CONVERSION = YES;
				CLANG_WARN_COMMA = YES;
				CLANG_WARN_CONSTANT_CONVERSION = YES;
				CLANG_WARN_DEPRECATED_OBJC_IMPLEMENTATIONS = YES;
				CLANG_WARN_DIRECT_OBJC_ISA_USAGE = YES_ERROR;
				CLANG_WARN_DOCUMENTATION_COMMENTS = YES;
				CLANG_WARN_EMPTY_BODY = YES;
				CLANG_WARN_ENUM_CONVERSION = YES;
				CLANG_WARN_INFINITE_RECURSION = YES;
				CLANG_WARN_INT_CONVERSION = YES;
				CLANG_WARN_NON_LITERAL_NULL_CONVERSION = YES;
				CLANG_WARN_OBJC_IMPLICIT_RETAIN_SELF = YES;
				CLANG_WARN_OBJC_LITERAL_CONVERSION = YES;
				CLANG_WARN_OBJC_ROOT_CLASS = YES_ERROR;
				CLANG_WARN_QUOTED_INCLUDE_IN_FRAMEWORK_HEADER = YES;
				CLANG_WARN_RANGE_LOOP_ANALYSIS = YES;
				CLANG_WARN_STRICT_PROTOTYPES = YES;
				CLANG_WARN_SUSPICIOUS_MOVE = YES;
				CLANG_WARN_UNGUARDED_AVAILABILITY = YES_AGGRESSIVE;
				CLANG_WARN_UNREACHABLE_CODE = YES;
				CLANG_WARN__DUPLICATE_METHOD_MATCH = YES;
				COPY_PHASE_STRIP = NO;
				DEBUG_INFORMATION_FORMAT = "dwarf-with-dsym";
				ENABLE_NS_ASSERTIONS = NO;
				ENABLE_STRICT_OBJC_MSGSEND = YES;
				GCC_C_LANGUAGE_STANDARD = gnu11;
				GCC_NO_COMMON_BLOCKS = YES;
				GCC_WARN_64_TO_32_BIT_CONVERSION = YES;
				GCC_WARN_ABOUT_RETURN_TYPE = YES_ERROR;
				GCC_WARN_UNDECLARED_SELECTOR = YES;
				GCC_WARN_UNINITIALIZED_AUTOS = YES_AGGRESSIVE;
				GCC_WARN_UNUSED_FUNCTION = YES;
				GCC_WARN_UNUSED_VARIABLE = YES;
				IPHONEOS_DEPLOYMENT_TARGET = 15.5;
				MTL_ENABLE_DEBUG_INFO = NO;
				MTL_FAST_MATH = YES;
				SDKROOT = iphoneos;
				SWIFT_COMPILATION_MODE = wholemodule;
				SWIFT_OPTIMIZATION_LEVEL = "-O";
				VALIDATE_PRODUCT = YES;
			};
			name = Release;
		};
		2C03F72028DB4B0A00948D9C /* Debug */ = {
			isa = XCBuildConfiguration;
			buildSettings = {
				ASSETCATALOG_COMPILER_APPICON_NAME = AppIcon;
				ASSETCATALOG_COMPILER_GLOBAL_ACCENT_COLOR_NAME = AccentColor;
				CODE_SIGN_STYLE = Automatic;
				CURRENT_PROJECT_VERSION = 1;
				DEVELOPMENT_TEAM = 9Q53Y99A78;
				GENERATE_INFOPLIST_FILE = YES;
				INFOPLIST_FILE = Navigation/Info.plist;
				INFOPLIST_KEY_UIApplicationSupportsIndirectInputEvents = YES;
				INFOPLIST_KEY_UILaunchStoryboardName = LaunchScreen;
				INFOPLIST_KEY_UISupportedInterfaceOrientations = "UIInterfaceOrientationPortrait UIInterfaceOrientationPortraitUpsideDown UIInterfaceOrientationLandscapeRight UIInterfaceOrientationLandscapeLeft";
				INFOPLIST_KEY_UISupportedInterfaceOrientations_iPad = "UIInterfaceOrientationPortrait UIInterfaceOrientationPortraitUpsideDown UIInterfaceOrientationLandscapeLeft UIInterfaceOrientationLandscapeRight";
				INFOPLIST_KEY_UISupportedInterfaceOrientations_iPhone = "UIInterfaceOrientationPortrait UIInterfaceOrientationLandscapeLeft UIInterfaceOrientationLandscapeRight";
				LD_RUNPATH_SEARCH_PATHS = (
					"$(inherited)",
					"@executable_path/Frameworks",
				);
				MARKETING_VERSION = 1.0;
				PRODUCT_BUNDLE_IDENTIFIER = "dmitrytestov-icloud.com.Navigation";
				PRODUCT_NAME = "$(TARGET_NAME)";
				SWIFT_EMIT_LOC_STRINGS = YES;
				SWIFT_VERSION = 5.0;
				TARGETED_DEVICE_FAMILY = 1;
			};
			name = Debug;
		};
		2C03F72128DB4B0A00948D9C /* Release */ = {
			isa = XCBuildConfiguration;
			buildSettings = {
				ASSETCATALOG_COMPILER_APPICON_NAME = AppIcon;
				ASSETCATALOG_COMPILER_GLOBAL_ACCENT_COLOR_NAME = AccentColor;
				CODE_SIGN_STYLE = Automatic;
				CURRENT_PROJECT_VERSION = 1;
				DEVELOPMENT_TEAM = 9Q53Y99A78;
				GENERATE_INFOPLIST_FILE = YES;
				INFOPLIST_FILE = Navigation/Info.plist;
				INFOPLIST_KEY_UIApplicationSupportsIndirectInputEvents = YES;
				INFOPLIST_KEY_UILaunchStoryboardName = LaunchScreen;
				INFOPLIST_KEY_UISupportedInterfaceOrientations = "UIInterfaceOrientationPortrait UIInterfaceOrientationPortraitUpsideDown UIInterfaceOrientationLandscapeRight UIInterfaceOrientationLandscapeLeft";
				INFOPLIST_KEY_UISupportedInterfaceOrientations_iPad = "UIInterfaceOrientationPortrait UIInterfaceOrientationPortraitUpsideDown UIInterfaceOrientationLandscapeLeft UIInterfaceOrientationLandscapeRight";
				INFOPLIST_KEY_UISupportedInterfaceOrientations_iPhone = "UIInterfaceOrientationPortrait UIInterfaceOrientationLandscapeLeft UIInterfaceOrientationLandscapeRight";
				LD_RUNPATH_SEARCH_PATHS = (
					"$(inherited)",
					"@executable_path/Frameworks",
				);
				MARKETING_VERSION = 1.0;
				PRODUCT_BUNDLE_IDENTIFIER = "dmitrytestov-icloud.com.Navigation";
				PRODUCT_NAME = "$(TARGET_NAME)";
				SWIFT_EMIT_LOC_STRINGS = YES;
				SWIFT_VERSION = 5.0;
				TARGETED_DEVICE_FAMILY = 1;
			};
			name = Release;
		};
/* End XCBuildConfiguration section */

/* Begin XCConfigurationList section */
		2C03F70628DB4B0600948D9C /* Build configuration list for PBXProject "Navigation" */ = {
			isa = XCConfigurationList;
			buildConfigurations = (
				2C03F71D28DB4B0A00948D9C /* Debug */,
				2C03F71E28DB4B0A00948D9C /* Release */,
			);
			defaultConfigurationIsVisible = 0;
			defaultConfigurationName = Release;
		};
		2C03F71F28DB4B0A00948D9C /* Build configuration list for PBXNativeTarget "Navigation" */ = {
			isa = XCConfigurationList;
			buildConfigurations = (
				2C03F72028DB4B0A00948D9C /* Debug */,
				2C03F72128DB4B0A00948D9C /* Release */,
			);
			defaultConfigurationIsVisible = 0;
			defaultConfigurationName = Release;
		};
/* End XCConfigurationList section */
	};
	rootObject = 2C03F70328DB4B0600948D9C /* Project object */;
}
